
Microsoft Visual Studio Solution File, Format Version 12.00
# Visual Studio Version 17
VisualStudioVersion = 17.1.32228.430
MinimumVisualStudioVersion = 10.0.40219.1
Project("{8BC9CEB8-8B4A-11D0-8D11-00A0C91BC942}") = "Simple-DLL-Injector", "Simple-DLL-Injector\Simple-DLL-Injector.vcxproj", "{E0B42EA7-ED4D-4CDD-8FEE-7964447DABAD}"
EndProject
Project("{8BC9CEB8-8B4A-11D0-8D11-00A0C91BC942}") = "SampleDLL", "SampleDLL\SampleDLL.vcxproj", "{B0D5A489-0A3C-4582-A010-F9BD5E3BB0B1}"
EndProject
Global
	GlobalSection(SolutionConfigurationPlatforms) = preSolution
		Debug|x64 = Debug|x64
		Debug|x86 = Debug|x86
		Release|x64 = Release|x64
		Release|x86 = Release|x86
	EndGlobalSection
	GlobalSection(ProjectConfigurationPlatforms) = postSolution
		{E0B42EA7-ED4D-4CDD-8FEE-7964447DABAD}.Debug|x64.ActiveCfg = Debug|x64
		{E0B42EA7-ED4D-4CDD-8FEE-7964447DABAD}.Debug|x64.Build.0 = Debug|x64
		{E0B42EA7-ED4D-4CDD-8FEE-7964447DABAD}.Debug|x86.ActiveCfg = Debug|Win32
		{E0B42EA7-ED4D-4CDD-8FEE-7964447DABAD}.Debug|x86.Build.0 = Debug|Win32
		{E0B42EA7-ED4D-4CDD-8FEE-7964447DABAD}.Release|x64.ActiveCfg = Release|x64
		{E0B42EA7-ED4D-4CDD-8FEE-7964447DABAD}.Release|x64.Build.0 = Release|x64
		{E0B42EA7-ED4D-4CDD-8FEE-7964447DABAD}.Release|x86.ActiveCfg = Release|Win32
		{E0B42EA7-ED4D-4CDD-8FEE-7964447DABAD}.Release|x86.Build.0 = Release|Win32
		{B0D5A489-0A3C-4582-A010-F9BD5E3BB0B1}.Debug|x64.ActiveCfg = Debug|x64
		{B0D5A489-0A3C-4582-A010-F9BD5E3BB0B1}.Debug|x64.Build.0 = Debug|x64
		{B0D5A489-0A3C-4582-A010-F9BD5E3BB0B1}.Debug|x86.ActiveCfg = Debug|Win32
		{B0D5A489-0A3C-4582-A010-F9BD5E3BB0B1}.Debug|x86.Build.0 = Debug|Win32
		{B0D5A489-0A3C-4582-A010-F9BD5E3BB0B1}.Release|x64.ActiveCfg = Release|x64
		{B0D5A489-0A3C-4582-A010-F9BD5E3BB0B1}.Release|x64.Build.0 = Release|x64
		{B0D5A489-0A3C-4582-A010-F9BD5E3BB0B1}.Release|x86.ActiveCfg = Release|Win32
		{B0D5A489-0A3C-4582-A010-F9BD5E3BB0B1}.Release|x86.Build.0 = Release|Win32
	EndGlobalSection
	GlobalSection(SolutionProperties) = preSolution
		HideSolutionNode = FALSE
	EndGlobalSection
	GlobalSection(ExtensibilityGlobals) = postSolution
		SolutionGuid = {EEBEA2F3-5F73-4101-9104-36952EFAF6C1}
	EndGlobalSection
EndGlobal
